// !$*UTF8*$!
{
	archiveVersion = 1;
	classes = {
	};
	objectVersion = 48;
	objects = {

/* Begin PBXBuildFile section */
		552AFF7C20BFA777000C55FE /* AppDelegate.swift in Sources */ = {isa = PBXBuildFile; fileRef = 552AFF7B20BFA777000C55FE /* AppDelegate.swift */; };
		552AFF7E20BFA777000C55FE /* HomeViewController.swift in Sources */ = {isa = PBXBuildFile; fileRef = 552AFF7D20BFA777000C55FE /* HomeViewController.swift */; };
		552AFF8120BFA777000C55FE /* Main.storyboard in Resources */ = {isa = PBXBuildFile; fileRef = 552AFF7F20BFA777000C55FE /* Main.storyboard */; };
		552AFF8320BFA777000C55FE /* Assets.xcassets in Resources */ = {isa = PBXBuildFile; fileRef = 552AFF8220BFA777000C55FE /* Assets.xcassets */; };
		552AFF8620BFA777000C55FE /* LaunchScreen.storyboard in Resources */ = {isa = PBXBuildFile; fileRef = 552AFF8420BFA777000C55FE /* LaunchScreen.storyboard */; };
		552AFF9120BFA778000C55FE /* SideMenuTests.swift in Sources */ = {isa = PBXBuildFile; fileRef = 552AFF9020BFA778000C55FE /* SideMenuTests.swift */; };
		552AFF9C20BFB26C000C55FE /* SideMenuViewController.swift in Sources */ = {isa = PBXBuildFile; fileRef = 552AFF9B20BFB26C000C55FE /* SideMenuViewController.swift */; };
		552AFF9E20BFBC8E000C55FE /* MainViewController.swift in Sources */ = {isa = PBXBuildFile; fileRef = 552AFF9D20BFBC8E000C55FE /* MainViewController.swift */; };
		55900BD720C00A490081E915 /* SideMenuDelegate.swift in Sources */ = {isa = PBXBuildFile; fileRef = 55900BD620C00A490081E915 /* SideMenuDelegate.swift */; };
/* End PBXBuildFile section */

/* Begin PBXContainerItemProxy section */
		552AFF8D20BFA778000C55FE /* PBXContainerItemProxy */ = {
			isa = PBXContainerItemProxy;
			containerPortal = 552AFF7020BFA777000C55FE /* Project object */;
			proxyType = 1;
			remoteGlobalIDString = 552AFF7720BFA777000C55FE;
			remoteInfo = SideMenu;
		};
/* End PBXContainerItemProxy section */

/* Begin PBXFileReference section */
		552AFF7820BFA777000C55FE /* SideMenu.app */ = {isa = PBXFileReference; explicitFileType = wrapper.application; includeInIndex = 0; path = SideMenu.app; sourceTree = BUILT_PRODUCTS_DIR; };
		552AFF7B20BFA777000C55FE /* AppDelegate.swift */ = {isa = PBXFileReference; lastKnownFileType = sourcecode.swift; path = AppDelegate.swift; sourceTree = "<group>"; };
		552AFF7D20BFA777000C55FE /* HomeViewController.swift */ = {isa = PBXFileReference; lastKnownFileType = sourcecode.swift; path = HomeViewController.swift; sourceTree = "<group>"; };
		552AFF8020BFA777000C55FE /* Base */ = {isa = PBXFileReference; lastKnownFileType = file.storyboard; name = Base; path = Base.lproj/Main.storyboard; sourceTree = "<group>"; };
		552AFF8220BFA777000C55FE /* Assets.xcassets */ = {isa = PBXFileReference; lastKnownFileType = folder.assetcatalog; path = Assets.xcassets; sourceTree = "<group>"; };
		552AFF8520BFA777000C55FE /* Base */ = {isa = PBXFileReference; lastKnownFileType = file.storyboard; name = Base; path = Base.lproj/LaunchScreen.storyboard; sourceTree = "<group>"; };
		552AFF8720BFA777000C55FE /* Info.plist */ = {isa = PBXFileReference; lastKnownFileType = text.plist.xml; path = Info.plist; sourceTree = "<group>"; };
		552AFF8C20BFA778000C55FE /* SideMenuTests.xctest */ = {isa = PBXFileReference; explicitFileType = wrapper.cfbundle; includeInIndex = 0; path = SideMenuTests.xctest; sourceTree = BUILT_PRODUCTS_DIR; };
		552AFF9020BFA778000C55FE /* SideMenuTests.swift */ = {isa = PBXFileReference; lastKnownFileType = sourcecode.swift; path = SideMenuTests.swift; sourceTree = "<group>"; };
		552AFF9220BFA778000C55FE /* Info.plist */ = {isa = PBXFileReference; lastKnownFileType = text.plist.xml; path = Info.plist; sourceTree = "<group>"; };
		552AFF9B20BFB26C000C55FE /* SideMenuViewController.swift */ = {isa = PBXFileReference; lastKnownFileType = sourcecode.swift; path = SideMenuViewController.swift; sourceTree = "<group>"; };
		552AFF9D20BFBC8E000C55FE /* MainViewController.swift */ = {isa = PBXFileReference; lastKnownFileType = sourcecode.swift; path = MainViewController.swift; sourceTree = "<group>"; };
		55900BD620C00A490081E915 /* SideMenuDelegate.swift */ = {isa = PBXFileReference; lastKnownFileType = sourcecode.swift; path = SideMenuDelegate.swift; sourceTree = "<group>"; };
/* End PBXFileReference section */

/* Begin PBXFrameworksBuildPhase section */
		552AFF7520BFA777000C55FE /* Frameworks */ = {
			isa = PBXFrameworksBuildPhase;
			buildActionMask = 2147483647;
			files = (
			);
			runOnlyForDeploymentPostprocessing = 0;
		};
		552AFF8920BFA778000C55FE /* Frameworks */ = {
			isa = PBXFrameworksBuildPhase;
			buildActionMask = 2147483647;
			files = (
			);
			runOnlyForDeploymentPostprocessing = 0;
		};
/* End PBXFrameworksBuildPhase section */

/* Begin PBXGroup section */
		552AFF6F20BFA777000C55FE = {
			isa = PBXGroup;
			children = (
				552AFF7A20BFA777000C55FE /* SideMenu */,
				552AFF8F20BFA778000C55FE /* SideMenuTests */,
				552AFF7920BFA777000C55FE /* Products */,
			);
			sourceTree = "<group>";
		};
		552AFF7920BFA777000C55FE /* Products */ = {
			isa = PBXGroup;
			children = (
				552AFF7820BFA777000C55FE /* SideMenu.app */,
				552AFF8C20BFA778000C55FE /* SideMenuTests.xctest */,
			);
			name = Products;
			sourceTree = "<group>";
		};
		552AFF7A20BFA777000C55FE /* SideMenu */ = {
			isa = PBXGroup;
			children = (
				552AFF7B20BFA777000C55FE /* AppDelegate.swift */,
				552AFF7D20BFA777000C55FE /* HomeViewController.swift */,
				552AFF9B20BFB26C000C55FE /* SideMenuViewController.swift */,
				552AFF9D20BFBC8E000C55FE /* MainViewController.swift */,
				55900BD620C00A490081E915 /* SideMenuDelegate.swift */,
				552AFF7F20BFA777000C55FE /* Main.storyboard */,
				552AFF8220BFA777000C55FE /* Assets.xcassets */,
				552AFF8420BFA777000C55FE /* LaunchScreen.storyboard */,
				552AFF8720BFA777000C55FE /* Info.plist */,
			);
			path = SideMenu;
			sourceTree = "<group>";
		};
		552AFF8F20BFA778000C55FE /* SideMenuTests */ = {
			isa = PBXGroup;
			children = (
				552AFF9020BFA778000C55FE /* SideMenuTests.swift */,
				552AFF9220BFA778000C55FE /* Info.plist */,
			);
			path = SideMenuTests;
			sourceTree = "<group>";
		};
/* End PBXGroup section */

/* Begin PBXNativeTarget section */
		552AFF7720BFA777000C55FE /* SideMenu */ = {
			isa = PBXNativeTarget;
			buildConfigurationList = 552AFF9520BFA778000C55FE /* Build configuration list for PBXNativeTarget "SideMenu" */;
			buildPhases = (
				552AFF7420BFA777000C55FE /* Sources */,
				552AFF7520BFA777000C55FE /* Frameworks */,
				552AFF7620BFA777000C55FE /* Resources */,
			);
			buildRules = (
			);
			dependencies = (
			);
			name = SideMenu;
			productName = SideMenu;
			productReference = 552AFF7820BFA777000C55FE /* SideMenu.app */;
			productType = "com.apple.product-type.application";
		};
		552AFF8B20BFA778000C55FE /* SideMenuTests */ = {
			isa = PBXNativeTarget;
			buildConfigurationList = 552AFF9820BFA778000C55FE /* Build configuration list for PBXNativeTarget "SideMenuTests" */;
			buildPhases = (
				552AFF8820BFA778000C55FE /* Sources */,
				552AFF8920BFA778000C55FE /* Frameworks */,
				552AFF8A20BFA778000C55FE /* Resources */,
			);
			buildRules = (
			);
			dependencies = (
				552AFF8E20BFA778000C55FE /* PBXTargetDependency */,
			);
			name = SideMenuTests;
			productName = SideMenuTests;
			productReference = 552AFF8C20BFA778000C55FE /* SideMenuTests.xctest */;
			productType = "com.apple.product-type.bundle.unit-test";
		};
/* End PBXNativeTarget section */

/* Begin PBXProject section */
		552AFF7020BFA777000C55FE /* Project object */ = {
			isa = PBXProject;
			attributes = {
				LastSwiftUpdateCheck = 0920;
				LastUpgradeCheck = 0920;
				ORGANIZATIONNAME = hSenid;
				TargetAttributes = {
					552AFF7720BFA777000C55FE = {
						CreatedOnToolsVersion = 9.2;
						ProvisioningStyle = Automatic;
					};
					552AFF8B20BFA778000C55FE = {
						CreatedOnToolsVersion = 9.2;
						ProvisioningStyle = Automatic;
						TestTargetID = 552AFF7720BFA777000C55FE;
					};
				};
			};
			buildConfigurationList = 552AFF7320BFA777000C55FE /* Build configuration list for PBXProject "SideMenu" */;
			compatibilityVersion = "Xcode 8.0";
			developmentRegion = en;
			hasScannedForEncodings = 0;
			knownRegions = (
				en,
				Base,
			);
			mainGroup = 552AFF6F20BFA777000C55FE;
			productRefGroup = 552AFF7920BFA777000C55FE /* Products */;
			projectDirPath = "";
			projectRoot = "";
			targets = (
				552AFF7720BFA777000C55FE /* SideMenu */,
				552AFF8B20BFA778000C55FE /* SideMenuTests */,
			);
		};
/* End PBXProject section */

/* Begin PBXResourcesBuildPhase section */
		552AFF7620BFA777000C55FE /* Resources */ = {
			isa = PBXResourcesBuildPhase;
			buildActionMask = 2147483647;
			files = (
				552AFF8620BFA777000C55FE /* LaunchScreen.storyboard in Resources */,
				552AFF8320BFA777000C55FE /* Assets.xcassets in Resources */,
				552AFF8120BFA777000C55FE /* Main.storyboard in Resources */,
			);
			runOnlyForDeploymentPostprocessing = 0;
		};
		552AFF8A20BFA778000C55FE /* Resources */ = {
			isa = PBXResourcesBuildPhase;
			buildActionMask = 2147483647;
			files = (
			);
			runOnlyForDeploymentPostprocessing = 0;
		};
/* End PBXResourcesBuildPhase section */

/* Begin PBXSourcesBuildPhase section */
		552AFF7420BFA777000C55FE /* Sources */ = {
			isa = PBXSourcesBuildPhase;
			buildActionMask = 2147483647;
			files = (
				552AFF7E20BFA777000C55FE /* HomeViewController.swift in Sources */,
				55900BD720C00A490081E915 /* SideMenuDelegate.swift in Sources */,
				552AFF9C20BFB26C000C55FE /* SideMenuViewController.swift in Sources */,
				552AFF7C20BFA777000C55FE /* AppDelegate.swift in Sources */,
				552AFF9E20BFBC8E000C55FE /* MainViewController.swift in Sources */,
			);
			runOnlyForDeploymentPostprocessing = 0;
		};
		552AFF8820BFA778000C55FE /* Sources */ = {
			isa = PBXSourcesBuildPhase;
			buildActionMask = 2147483647;
			files = (
				552AFF9120BFA778000C55FE /* SideMenuTests.swift in Sources */,
			);
			runOnlyForDeploymentPostprocessing = 0;
		};
/* End PBXSourcesBuildPhase section */

/* Begin PBXTargetDependency section */
		552AFF8E20BFA778000C55FE /* PBXTargetDependency */ = {
			isa = PBXTargetDependency;
			target = 552AFF7720BFA777000C55FE /* SideMenu */;
			targetProxy = 552AFF8D20BFA778000C55FE /* PBXContainerItemProxy */;
		};
/* End PBXTargetDependency section */

/* Begin PBXVariantGroup section */
		552AFF7F20BFA777000C55FE /* Main.storyboard */ = {
			isa = PBXVariantGroup;
			children = (
				552AFF8020BFA777000C55FE /* Base */,
			);
			name = Main.storyboard;
			sourceTree = "<group>";
		};
		552AFF8420BFA777000C55FE /* LaunchScreen.storyboard */ = {
			isa = PBXVariantGroup;
			children = (
				552AFF8520BFA777000C55FE /* Base */,
			);
			name = LaunchScreen.storyboard;
			sourceTree = "<group>";
		};
/* End PBXVariantGroup section */

/* Begin XCBuildConfiguration section */
		552AFF9320BFA778000C55FE /* Debug */ = {
			isa = XCBuildConfiguration;
			buildSettings = {
				ALWAYS_SEARCH_USER_PATHS = NO;
				CLANG_ANALYZER_NONNULL = YES;
				CLANG_ANALYZER_NUMBER_OBJECT_CONVERSION = YES_AGGRESSIVE;
				CLANG_CXX_LANGUAGE_STANDARD = "gnu++14";
				CLANG_CXX_LIBRARY = "libc++";
				CLANG_ENABLE_MODULES = YES;
				CLANG_ENABLE_OBJC_ARC = YES;
				CLANG_WARN_BLOCK_CAPTURE_AUTORELEASING = YES;
				CLANG_WARN_BOOL_CONVERSION = YES;
				CLANG_WARN_COMMA = YES;
				CLANG_WARN_CONSTANT_CONVERSION = YES;
				CLANG_WARN_DIRECT_OBJC_ISA_USAGE = YES_ERROR;
				CLANG_WARN_DOCUMENTATION_COMMENTS = YES;
				CLANG_WARN_EMPTY_BODY = YES;
				CLANG_WARN_ENUM_CONVERSION = YES;
				CLANG_WARN_INFINITE_RECURSION = YES;
				CLANG_WARN_INT_CONVERSION = YES;
				CLANG_WARN_NON_LITERAL_NULL_CONVERSION = YES;
				CLANG_WARN_OBJC_LITERAL_CONVERSION = YES;
				CLANG_WARN_OBJC_ROOT_CLASS = YES_ERROR;
				CLANG_WARN_RANGE_LOOP_ANALYSIS = YES;
				CLANG_WARN_STRICT_PROTOTYPES = YES;
				CLANG_WARN_SUSPICIOUS_MOVE = YES;
				CLANG_WARN_UNGUARDED_AVAILABILITY = YES_AGGRESSIVE;
				CLANG_WARN_UNREACHABLE_CODE = YES;
				CLANG_WARN__DUPLICATE_METHOD_MATCH = YES;
				CODE_SIGN_IDENTITY = "iPhone Developer";
				COPY_PHASE_STRIP = NO;
				DEBUG_INFORMATION_FORMAT = dwarf;
				ENABLE_STRICT_OBJC_MSGSEND = YES;
				ENABLE_TESTABILITY = YES;
				GCC_C_LANGUAGE_STANDARD = gnu11;
				GCC_DYNAMIC_NO_PIC = NO;
				GCC_NO_COMMON_BLOCKS = YES;
				GCC_OPTIMIZATION_LEVEL = 0;
				GCC_PREPROCESSOR_DEFINITIONS = (
					"DEBUG=1",
					"$(inherited)",
				);
				GCC_WARN_64_TO_32_BIT_CONVERSION = YES;
				GCC_WARN_ABOUT_RETURN_TYPE = YES_ERROR;
				GCC_WARN_UNDECLARED_SELECTOR = YES;
				GCC_WARN_UNINITIALIZED_AUTOS = YES_AGGRESSIVE;
				GCC_WARN_UNUSED_FUNCTION = YES;
				GCC_WARN_UNUSED_VARIABLE = YES;
				IPHONEOS_DEPLOYMENT_TARGET = 11.2;
				MTL_ENABLE_DEBUG_INFO = YES;
				ONLY_ACTIVE_ARCH = YES;
				SDKROOT = iphoneos;
				SWIFT_ACTIVE_COMPILATION_CONDITIONS = DEBUG;
				SWIFT_OPTIMIZATION_LEVEL = "-Onone";
			};
			name = Debug;
		};
		552AFF9420BFA778000C55FE /* Release */ = {
			isa = XCBuildConfiguration;
			buildSettings = {
				ALWAYS_SEARCH_USER_PATHS = NO;
				CLANG_ANALYZER_NONNULL = YES;
				CLANG_ANALYZER_NUMBER_OBJECT_CONVERSION = YES_AGGRESSIVE;
				CLANG_CXX_LANGUAGE_STANDARD = "gnu++14";
				CLANG_CXX_LIBRARY = "libc++";
				CLANG_ENABLE_MODULES = YES;
				CLANG_ENABLE_OBJC_ARC = YES;
				CLANG_WARN_BLOCK_CAPTURE_AUTORELEASING = YES;
				CLANG_WARN_BOOL_CONVERSION = YES;
				CLANG_WARN_COMMA = YES;
				CLANG_WARN_CONSTANT_CONVERSION = YES;
				CLANG_WARN_DIRECT_OBJC_ISA_USAGE = YES_ERROR;
				CLANG_WARN_DOCUMENTATION_COMMENTS = YES;
				CLANG_WARN_EMPTY_BODY = YES;
				CLANG_WARN_ENUM_CONVERSION = YES;
				CLANG_WARN_INFINITE_RECURSION = YES;
				CLANG_WARN_INT_CONVERSION = YES;
				CLANG_WARN_NON_LITERAL_NULL_CONVERSION = YES;
				CLANG_WARN_OBJC_LITERAL_CONVERSION = YES;
				CLANG_WARN_OBJC_ROOT_CLASS = YES_ERROR;
				CLANG_WARN_RANGE_LOOP_ANALYSIS = YES;
				CLANG_WARN_STRICT_PROTOTYPES = YES;
				CLANG_WARN_SUSPICIOUS_MOVE = YES;
				CLANG_WARN_UNGUARDED_AVAILABILITY = YES_AGGRESSIVE;
				CLANG_WARN_UNREACHABLE_CODE = YES;
				CLANG_WARN__DUPLICATE_METHOD_MATCH = YES;
				CODE_SIGN_IDENTITY = "iPhone Developer";
				COPY_PHASE_STRIP = NO;
				DEBUG_INFORMATION_FORMAT = "dwarf-with-dsym";
				ENABLE_NS_ASSERTIONS = NO;
				ENABLE_STRICT_OBJC_MSGSEND = YES;
				GCC_C_LANGUAGE_STANDARD = gnu11;
				GCC_NO_COMMON_BLOCKS = YES;
				GCC_WARN_64_TO_32_BIT_CONVERSION = YES;
				GCC_WARN_ABOUT_RETURN_TYPE = YES_ERROR;
				GCC_WARN_UNDECLARED_SELECTOR = YES;
				GCC_WARN_UNINITIALIZED_AUTOS = YES_AGGRESSIVE;
				GCC_WARN_UNUSED_FUNCTION = YES;
				GCC_WARN_UNUSED_VARIABLE = YES;
				IPHONEOS_DEPLOYMENT_TARGET = 11.2;
				MTL_ENABLE_DEBUG_INFO = NO;
				SDKROOT = iphoneos;
				SWIFT_OPTIMIZATION_LEVEL = "-Owholemodule";
				VALIDATE_PRODUCT = YES;
			};
			name = Release;
		};
		552AFF9620BFA778000C55FE /* Debug */ = {
			isa = XCBuildConfiguration;
			buildSettings = {
				ASSETCATALOG_COMPILER_APPICON_NAME = AppIcon;
				CODE_SIGN_STYLE = Automatic;
				DEVELOPMENT_TEAM = PFRM48W6T3;
				INFOPLIST_FILE = SideMenu/Info.plist;
				IPHONEOS_DEPLOYMENT_TARGET = 9.3;
				LD_RUNPATH_SEARCH_PATHS = "$(inherited) @executable_path/Frameworks";
				PRODUCT_BUNDLE_IDENTIFIER = hms.SideMenu;
				PRODUCT_NAME = "$(TARGET_NAME)";
				SWIFT_VERSION = 4.0;
				TARGETED_DEVICE_FAMILY = "1,2";
			};
			name = Debug;
		};
		552AFF9720BFA778000C55FE /* Release */ = {
			isa = XCBuildConfiguration;
			buildSettings = {
				ASSETCATALOG_COMPILER_APPICON_NAME = AppIcon;
				CODE_SIGN_STYLE = Automatic;
				DEVELOPMENT_TEAM = PFRM48W6T3;
				INFOPLIST_FILE = SideMenu/Info.plist;
				IPHONEOS_DEPLOYMENT_TARGET = 9.3;
				LD_RUNPATH_SEARCH_PATHS = "$(inherited) @executable_path/Frameworks";
				PRODUCT_BUNDLE_IDENTIFIER = hms.SideMenu;
				PRODUCT_NAME = "$(TARGET_NAME)";
				SWIFT_VERSION = 4.0;
				TARGETED_DEVICE_FAMILY = "1,2";
			};
			name = Release;
		};
		552AFF9920BFA778000C55FE /* Debug */ = {
			isa = XCBuildConfiguration;
			buildSettings = {
				ALWAYS_EMBED_SWIFT_STANDARD_LIBRARIES = YES;
				BUNDLE_LOADER = "$(TEST_HOST)";
				CODE_SIGN_STYLE = Automatic;
				DEVELOPMENT_TEAM = PFRM48W6T3;
				INFOPLIST_FILE = SideMenuTests/Info.plist;
				LD_RUNPATH_SEARCH_PATHS = "$(inherited) @executable_path/Frameworks @loader_path/Frameworks";
				PRODUCT_BUNDLE_IDENTIFIER = hms.SideMenuTests;
				PRODUCT_NAME = "$(TARGET_NAME)";
				SWIFT_VERSION = 4.0;
				TARGETED_DEVICE_FAMILY = "1,2";
				TEST_HOST = "$(BUILT_PRODUCTS_DIR)/SideMenu.app/SideMenu";
			};
			name = Debug;
		};
		552AFF9A20BFA778000C55FE /* Release */ = {
			isa = XCBuildConfiguration;
			buildSettings = {
				ALWAYS_EMBED_SWIFT_STANDARD_LIBRARIES = YES;
				BUNDLE_LOADER = "$(TEST_HOST)";
				CODE_SIGN_STYLE = Automatic;
				DEVELOPMENT_TEAM = PFRM48W6T3;
				INFOPLIST_FILE = SideMenuTests/Info.plist;
				LD_RUNPATH_SEARCH_PATHS = "$(inherited) @executable_path/Frameworks @loader_path/Frameworks";
				PRODUCT_BUNDLE_IDENTIFIER = hms.SideMenuTests;
				PRODUCT_NAME = "$(TARGET_NAME)";
				SWIFT_VERSION = 4.0;
				TARGETED_DEVICE_FAMILY = "1,2";
				TEST_HOST = "$(BUILT_PRODUCTS_DIR)/SideMenu.app/SideMenu";
			};
			name = Release;
		};
/* End XCBuildConfiguration section */

/* Begin XCConfigurationList section */
		552AFF7320BFA777000C55FE /* Build configuration list for PBXProject "SideMenu" */ = {
			isa = XCConfigurationList;
			buildConfigurations = (
				552AFF9320BFA778000C55FE /* Debug */,
				552AFF9420BFA778000C55FE /* Release */,
			);
			defaultConfigurationIsVisible = 0;
			defaultConfigurationName = Release;
		};
		552AFF9520BFA778000C55FE /* Build configuration list for PBXNativeTarget "SideMenu" */ = {
			isa = XCConfigurationList;
			buildConfigurations = (
				552AFF9620BFA778000C55FE /* Debug */,
				552AFF9720BFA778000C55FE /* Release */,
			);
			defaultConfigurationIsVisible = 0;
			defaultConfigurationName = Release;
		};
		552AFF9820BFA778000C55FE /* Build configuration list for PBXNativeTarget "SideMenuTests" */ = {
			isa = XCConfigurationList;
			buildConfigurations = (
				552AFF9920BFA778000C55FE /* Debug */,
				552AFF9A20BFA778000C55FE /* Release */,
			);
			defaultConfigurationIsVisible = 0;
			defaultConfigurationName = Release;
		};
/* End XCConfigurationList section */
	};
	rootObject = 552AFF7020BFA777000C55FE /* Project object */;
}
